
Microsoft Visual Studio Solution File, Format Version 12.00
# Visual Studio Version 17
VisualStudioVersion = 17.13.35806.99
MinimumVisualStudioVersion = 10.0.40219.1
Project("{FAE04EC0-301F-11D3-BF4B-00C04F79EFBC}") = "KingsQuest2025", "KingsQuest2025\KingsQuest2025.csproj", "{8E5F19B7-5F68-452F-86A7-D17F02551493}"
EndProject
Project("{FAE04EC0-301F-11D3-BF4B-00C04F79EFBC}") = "KingsQuest2025.Data", "KingsQuest2025.Data\KingsQuest2025.Data.csproj", "{9B0DFB3D-209F-4461-B2AC-DDBC0010FC65}"
EndProject
Project("{FAE04EC0-301F-11D3-BF4B-00C04F79EFBC}") = "KingsQuest2025.View", "KingsQuest2025.View\KingsQuest2025.View.csproj", "{3F17FC12-4D85-485F-8683-98D588F4DFE3}"
EndProject
Project("{FAE04EC0-301F-11D3-BF4B-00C04F79EFBC}") = "KingsQuest2025.GameService", "KingsQuest2025.Game\KingsQuest2025.GameService.csproj", "{CE75D152-8BB9-4C81-A49D-D343EB5B583C}"
EndProject
Project("{FAE04EC0-301F-11D3-BF4B-00C04F79EFBC}") = "KingsQuest2025.Controller", "KingsQuest2025.Controller\KingsQuest2025.Controller.csproj", "{D8D6A16D-BB98-4BA9-82C7-829D4A968811}"
EndProject
Global
	GlobalSection(SolutionConfigurationPlatforms) = preSolution
		Debug|Any CPU = Debug|Any CPU
		Release|Any CPU = Release|Any CPU
	EndGlobalSection
	GlobalSection(ProjectConfigurationPlatforms) = postSolution
		{8E5F19B7-5F68-452F-86A7-D17F02551493}.Debug|Any CPU.ActiveCfg = Debug|Any CPU
		{8E5F19B7-5F68-452F-86A7-D17F02551493}.Debug|Any CPU.Build.0 = Debug|Any CPU
		{8E5F19B7-5F68-452F-86A7-D17F02551493}.Release|Any CPU.ActiveCfg = Release|Any CPU
		{8E5F19B7-5F68-452F-86A7-D17F02551493}.Release|Any CPU.Build.0 = Release|Any CPU
		{9B0DFB3D-209F-4461-B2AC-DDBC0010FC65}.Debug|Any CPU.ActiveCfg = Debug|Any CPU
		{9B0DFB3D-209F-4461-B2AC-DDBC0010FC65}.Debug|Any CPU.Build.0 = Debug|Any CPU
		{9B0DFB3D-209F-4461-B2AC-DDBC0010FC65}.Release|Any CPU.ActiveCfg = Release|Any CPU
		{9B0DFB3D-209F-4461-B2AC-DDBC0010FC65}.Release|Any CPU.Build.0 = Release|Any CPU
		{3F17FC12-4D85-485F-8683-98D588F4DFE3}.Debug|Any CPU.ActiveCfg = Debug|Any CPU
		{3F17FC12-4D85-485F-8683-98D588F4DFE3}.Debug|Any CPU.Build.0 = Debug|Any CPU
		{3F17FC12-4D85-485F-8683-98D588F4DFE3}.Release|Any CPU.ActiveCfg = Release|Any CPU
		{3F17FC12-4D85-485F-8683-98D588F4DFE3}.Release|Any CPU.Build.0 = Release|Any CPU
		{CE75D152-8BB9-4C81-A49D-D343EB5B583C}.Debug|Any CPU.ActiveCfg = Debug|Any CPU
		{CE75D152-8BB9-4C81-A49D-D343EB5B583C}.Debug|Any CPU.Build.0 = Debug|Any CPU
		{CE75D152-8BB9-4C81-A49D-D343EB5B583C}.Release|Any CPU.ActiveCfg = Release|Any CPU
		{CE75D152-8BB9-4C81-A49D-D343EB5B583C}.Release|Any CPU.Build.0 = Release|Any CPU
		{D8D6A16D-BB98-4BA9-82C7-829D4A968811}.Debug|Any CPU.ActiveCfg = Debug|Any CPU
		{D8D6A16D-BB98-4BA9-82C7-829D4A968811}.Debug|Any CPU.Build.0 = Debug|Any CPU
		{D8D6A16D-BB98-4BA9-82C7-829D4A968811}.Release|Any CPU.ActiveCfg = Release|Any CPU
		{D8D6A16D-BB98-4BA9-82C7-829D4A968811}.Release|Any CPU.Build.0 = Release|Any CPU
	EndGlobalSection
	GlobalSection(SolutionProperties) = preSolution
		HideSolutionNode = FALSE
	EndGlobalSection
	GlobalSection(ExtensibilityGlobals) = postSolution
		SolutionGuid = {13230A77-7FB3-494B-9EB5-919B8C3DFC49}
	EndGlobalSection
EndGlobal
